
Microsoft Visual Studio Solution File, Format Version 12.00
# Visual Studio 2012
Project("{FAE04EC0-301F-11D3-BF4B-00C04F79EFBC}") = "Formaly", "Formaly\Formaly.csproj", "{B7E1F98D-7F4D-466A-9A6A-FE8E7551A837}"
EndProject
Project("{FAE04EC0-301F-11D3-BF4B-00C04F79EFBC}") = "Formaly.iOS", "iOS\Formaly.iOS.csproj", "{4361AED4-4061-4D59-A5E7-B5DFA57D5029}"
EndProject
Project("{FAE04EC0-301F-11D3-BF4B-00C04F79EFBC}") = "Formaly.Droid", "Droid\Formaly.Droid.csproj", "{6DC740F8-76A3-4DC1-A55F-5B07E963B0DC}"
EndProject
Global
	GlobalSection(SolutionConfigurationPlatforms) = preSolution
		Debug|Any CPU = Debug|Any CPU
		Release|Any CPU = Release|Any CPU
		Debug|iPhoneSimulator = Debug|iPhoneSimulator
		Release|iPhone = Release|iPhone
		Release|iPhoneSimulator = Release|iPhoneSimulator
		Debug|iPhone = Debug|iPhone
	EndGlobalSection
	GlobalSection(ProjectConfigurationPlatforms) = postSolution
		{B7E1F98D-7F4D-466A-9A6A-FE8E7551A837}.Debug|Any CPU.ActiveCfg = Debug|Any CPU
		{B7E1F98D-7F4D-466A-9A6A-FE8E7551A837}.Debug|Any CPU.Build.0 = Debug|Any CPU
		{B7E1F98D-7F4D-466A-9A6A-FE8E7551A837}.Release|Any CPU.ActiveCfg = Release|Any CPU
		{B7E1F98D-7F4D-466A-9A6A-FE8E7551A837}.Release|Any CPU.Build.0 = Release|Any CPU
		{B7E1F98D-7F4D-466A-9A6A-FE8E7551A837}.Debug|iPhoneSimulator.ActiveCfg = Debug|Any CPU
		{B7E1F98D-7F4D-466A-9A6A-FE8E7551A837}.Debug|iPhoneSimulator.Build.0 = Debug|Any CPU
		{B7E1F98D-7F4D-466A-9A6A-FE8E7551A837}.Release|iPhone.ActiveCfg = Release|Any CPU
		{B7E1F98D-7F4D-466A-9A6A-FE8E7551A837}.Release|iPhone.Build.0 = Release|Any CPU
		{B7E1F98D-7F4D-466A-9A6A-FE8E7551A837}.Release|iPhoneSimulator.ActiveCfg = Release|Any CPU
		{B7E1F98D-7F4D-466A-9A6A-FE8E7551A837}.Release|iPhoneSimulator.Build.0 = Release|Any CPU
		{B7E1F98D-7F4D-466A-9A6A-FE8E7551A837}.Debug|iPhone.ActiveCfg = Debug|Any CPU
		{B7E1F98D-7F4D-466A-9A6A-FE8E7551A837}.Debug|iPhone.Build.0 = Debug|Any CPU
		{4361AED4-4061-4D59-A5E7-B5DFA57D5029}.Debug|Any CPU.ActiveCfg = Debug|iPhoneSimulator
		{4361AED4-4061-4D59-A5E7-B5DFA57D5029}.Debug|Any CPU.Build.0 = Debug|iPhoneSimulator
		{4361AED4-4061-4D59-A5E7-B5DFA57D5029}.Release|Any CPU.ActiveCfg = Release|iPhone
		{4361AED4-4061-4D59-A5E7-B5DFA57D5029}.Release|Any CPU.Build.0 = Release|iPhone
		{4361AED4-4061-4D59-A5E7-B5DFA57D5029}.Debug|iPhoneSimulator.ActiveCfg = Debug|iPhoneSimulator
		{4361AED4-4061-4D59-A5E7-B5DFA57D5029}.Debug|iPhoneSimulator.Build.0 = Debug|iPhoneSimulator
		{4361AED4-4061-4D59-A5E7-B5DFA57D5029}.Release|iPhone.ActiveCfg = Release|iPhone
		{4361AED4-4061-4D59-A5E7-B5DFA57D5029}.Release|iPhone.Build.0 = Release|iPhone
		{4361AED4-4061-4D59-A5E7-B5DFA57D5029}.Release|iPhoneSimulator.ActiveCfg = Release|iPhoneSimulator
		{4361AED4-4061-4D59-A5E7-B5DFA57D5029}.Release|iPhoneSimulator.Build.0 = Release|iPhoneSimulator
		{4361AED4-4061-4D59-A5E7-B5DFA57D5029}.Debug|iPhone.ActiveCfg = Debug|iPhone
		{4361AED4-4061-4D59-A5E7-B5DFA57D5029}.Debug|iPhone.Build.0 = Debug|iPhone
		{6DC740F8-76A3-4DC1-A55F-5B07E963B0DC}.Debug|Any CPU.ActiveCfg = Debug|Any CPU
		{6DC740F8-76A3-4DC1-A55F-5B07E963B0DC}.Debug|Any CPU.Build.0 = Debug|Any CPU
		{6DC740F8-76A3-4DC1-A55F-5B07E963B0DC}.Release|Any CPU.ActiveCfg = Release|Any CPU
		{6DC740F8-76A3-4DC1-A55F-5B07E963B0DC}.Release|Any CPU.Build.0 = Release|Any CPU
		{6DC740F8-76A3-4DC1-A55F-5B07E963B0DC}.Debug|iPhoneSimulator.ActiveCfg = Debug|Any CPU
		{6DC740F8-76A3-4DC1-A55F-5B07E963B0DC}.Debug|iPhoneSimulator.Build.0 = Debug|Any CPU
		{6DC740F8-76A3-4DC1-A55F-5B07E963B0DC}.Release|iPhone.ActiveCfg = Release|Any CPU
		{6DC740F8-76A3-4DC1-A55F-5B07E963B0DC}.Release|iPhone.Build.0 = Release|Any CPU
		{6DC740F8-76A3-4DC1-A55F-5B07E963B0DC}.Release|iPhoneSimulator.ActiveCfg = Release|Any CPU
		{6DC740F8-76A3-4DC1-A55F-5B07E963B0DC}.Release|iPhoneSimulator.Build.0 = Release|Any CPU
		{6DC740F8-76A3-4DC1-A55F-5B07E963B0DC}.Debug|iPhone.ActiveCfg = Debug|Any CPU
		{6DC740F8-76A3-4DC1-A55F-5B07E963B0DC}.Debug|iPhone.Build.0 = Debug|Any CPU
	EndGlobalSection
EndGlobal
